// !$*UTF8*$!
{
	archiveVersion = 1;
	classes = {
	};
	objectVersion = 56;
	objects = {

/* Begin PBXBuildFile section */
		7A33D3CF2BC9021300EE4A73 /* AppDelegate.swift in Sources */ = {isa = PBXBuildFile; fileRef = 7A33D3CE2BC9021300EE4A73 /* AppDelegate.swift */; };
		7A33D3D12BC9021300EE4A73 /* SceneDelegate.swift in Sources */ = {isa = PBXBuildFile; fileRef = 7A33D3D02BC9021300EE4A73 /* SceneDelegate.swift */; };
		7A33D3D32BC9021300EE4A73 /* MainViewController.swift in Sources */ = {isa = PBXBuildFile; fileRef = 7A33D3D22BC9021300EE4A73 /* MainViewController.swift */; };
		7A33D3D82BC9021500EE4A73 /* Assets.xcassets in Resources */ = {isa = PBXBuildFile; fileRef = 7A33D3D72BC9021500EE4A73 /* Assets.xcassets */; };
		7A33D3DB2BC9021500EE4A73 /* LaunchScreen.storyboard in Resources */ = {isa = PBXBuildFile; fileRef = 7A33D3D92BC9021500EE4A73 /* LaunchScreen.storyboard */; };
		7AD8C7B22BD26A1F00B1A7D2 /* MainViewModel.swift in Sources */ = {isa = PBXBuildFile; fileRef = 7AD8C7B12BD26A1F00B1A7D2 /* MainViewModel.swift */; };
		7AD8C7B52BD26CB000B1A7D2 /* SnapKit in Frameworks */ = {isa = PBXBuildFile; productRef = 7AD8C7B42BD26CB000B1A7D2 /* SnapKit */; };
		7AD8C7B72BD26CB000B1A7D2 /* SnapKit-Dynamic in Frameworks */ = {isa = PBXBuildFile; productRef = 7AD8C7B62BD26CB000B1A7D2 /* SnapKit-Dynamic */; };
		7AD8C7BA2BD270E000B1A7D2 /* CurrentNetworkView.swift in Sources */ = {isa = PBXBuildFile; fileRef = 7AD8C7B92BD270E000B1A7D2 /* CurrentNetworkView.swift */; };
		7AD8C7BC2BD27F7500B1A7D2 /* Extension+UIView.swift in Sources */ = {isa = PBXBuildFile; fileRef = 7AD8C7BB2BD27F7500B1A7D2 /* Extension+UIView.swift */; };
		7AD8C7BF2BD2836E00B1A7D2 /* Colors.xcassets in Resources */ = {isa = PBXBuildFile; fileRef = 7AD8C7BE2BD2836E00B1A7D2 /* Colors.xcassets */; };
		7AD8C7C12BD2974700B1A7D2 /* ActionCell.swift in Sources */ = {isa = PBXBuildFile; fileRef = 7AD8C7C02BD2974700B1A7D2 /* ActionCell.swift */; };
		7AD8C7C42BD2DDE500B1A7D2 /* Lottie in Frameworks */ = {isa = PBXBuildFile; productRef = 7AD8C7C32BD2DDE500B1A7D2 /* Lottie */; };
		7AD8C7C72BD2DE2200B1A7D2 /* SearchViewController.swift in Sources */ = {isa = PBXBuildFile; fileRef = 7AD8C7C62BD2DE2200B1A7D2 /* SearchViewController.swift */; };
		7AD8C7C92BD2DE4700B1A7D2 /* SearchViewModel.swift in Sources */ = {isa = PBXBuildFile; fileRef = 7AD8C7C82BD2DE4700B1A7D2 /* SearchViewModel.swift */; };
		7AD8C7CB2BD3BDD400B1A7D2 /* search.json in Resources */ = {isa = PBXBuildFile; fileRef = 7AD8C7CA2BD3BDD400B1A7D2 /* search.json */; };
/* End PBXBuildFile section */

/* Begin PBXFileReference section */
		7A33D3CB2BC9021300EE4A73 /* WiFiDetector.app */ = {isa = PBXFileReference; explicitFileType = wrapper.application; includeInIndex = 0; path = WiFiDetector.app; sourceTree = BUILT_PRODUCTS_DIR; };
		7A33D3CE2BC9021300EE4A73 /* AppDelegate.swift */ = {isa = PBXFileReference; lastKnownFileType = sourcecode.swift; path = AppDelegate.swift; sourceTree = "<group>"; };
		7A33D3D02BC9021300EE4A73 /* SceneDelegate.swift */ = {isa = PBXFileReference; lastKnownFileType = sourcecode.swift; path = SceneDelegate.swift; sourceTree = "<group>"; };
		7A33D3D22BC9021300EE4A73 /* MainViewController.swift */ = {isa = PBXFileReference; lastKnownFileType = sourcecode.swift; path = MainViewController.swift; sourceTree = "<group>"; };
		7A33D3D72BC9021500EE4A73 /* Assets.xcassets */ = {isa = PBXFileReference; lastKnownFileType = folder.assetcatalog; path = Assets.xcassets; sourceTree = "<group>"; };
		7A33D3DA2BC9021500EE4A73 /* Base */ = {isa = PBXFileReference; lastKnownFileType = file.storyboard; name = Base; path = Base.lproj/LaunchScreen.storyboard; sourceTree = "<group>"; };
		7A33D3DC2BC9021500EE4A73 /* Info.plist */ = {isa = PBXFileReference; lastKnownFileType = text.plist.xml; path = Info.plist; sourceTree = "<group>"; };
		7AD8C7B12BD26A1F00B1A7D2 /* MainViewModel.swift */ = {isa = PBXFileReference; lastKnownFileType = sourcecode.swift; path = MainViewModel.swift; sourceTree = "<group>"; };
		7AD8C7B92BD270E000B1A7D2 /* CurrentNetworkView.swift */ = {isa = PBXFileReference; lastKnownFileType = sourcecode.swift; path = CurrentNetworkView.swift; sourceTree = "<group>"; };
		7AD8C7BB2BD27F7500B1A7D2 /* Extension+UIView.swift */ = {isa = PBXFileReference; lastKnownFileType = sourcecode.swift; path = "Extension+UIView.swift"; sourceTree = "<group>"; };
		7AD8C7BE2BD2836E00B1A7D2 /* Colors.xcassets */ = {isa = PBXFileReference; lastKnownFileType = folder.assetcatalog; path = Colors.xcassets; sourceTree = "<group>"; };
		7AD8C7C02BD2974700B1A7D2 /* ActionCell.swift */ = {isa = PBXFileReference; lastKnownFileType = sourcecode.swift; path = ActionCell.swift; sourceTree = "<group>"; };
		7AD8C7C62BD2DE2200B1A7D2 /* SearchViewController.swift */ = {isa = PBXFileReference; lastKnownFileType = sourcecode.swift; path = SearchViewController.swift; sourceTree = "<group>"; };
		7AD8C7C82BD2DE4700B1A7D2 /* SearchViewModel.swift */ = {isa = PBXFileReference; lastKnownFileType = sourcecode.swift; path = SearchViewModel.swift; sourceTree = "<group>"; };
		7AD8C7CA2BD3BDD400B1A7D2 /* search.json */ = {isa = PBXFileReference; fileEncoding = 4; lastKnownFileType = text.json; path = search.json; sourceTree = "<group>"; };
/* End PBXFileReference section */

/* Begin PBXFrameworksBuildPhase section */
		7A33D3C82BC9021300EE4A73 /* Frameworks */ = {
			isa = PBXFrameworksBuildPhase;
			buildActionMask = 2147483647;
			files = (
				7AD8C7B52BD26CB000B1A7D2 /* SnapKit in Frameworks */,
				7AD8C7B72BD26CB000B1A7D2 /* SnapKit-Dynamic in Frameworks */,
				7AD8C7C42BD2DDE500B1A7D2 /* Lottie in Frameworks */,
			);
			runOnlyForDeploymentPostprocessing = 0;
		};
/* End PBXFrameworksBuildPhase section */

/* Begin PBXGroup section */
		7A33D3C22BC9021300EE4A73 = {
			isa = PBXGroup;
			children = (
				7A33D3CD2BC9021300EE4A73 /* WiFiDetector */,
				7A33D3CC2BC9021300EE4A73 /* Products */,
			);
			sourceTree = "<group>";
		};
		7A33D3CC2BC9021300EE4A73 /* Products */ = {
			isa = PBXGroup;
			children = (
				7A33D3CB2BC9021300EE4A73 /* WiFiDetector.app */,
			);
			name = Products;
			sourceTree = "<group>";
		};
		7A33D3CD2BC9021300EE4A73 /* WiFiDetector */ = {
			isa = PBXGroup;
			children = (
				7AD8C7BD2BD27FA400B1A7D2 /* Extensions */,
				7AD8C7B82BD2707500B1A7D2 /* MainScreen */,
				7AD8C7C52BD2DDF700B1A7D2 /* SearchScreen */,
				7A33D3CE2BC9021300EE4A73 /* AppDelegate.swift */,
				7A33D3D02BC9021300EE4A73 /* SceneDelegate.swift */,
				7A33D3D72BC9021500EE4A73 /* Assets.xcassets */,
				7AD8C7BE2BD2836E00B1A7D2 /* Colors.xcassets */,
				7A33D3D92BC9021500EE4A73 /* LaunchScreen.storyboard */,
				7A33D3DC2BC9021500EE4A73 /* Info.plist */,
				7AD8C7CA2BD3BDD400B1A7D2 /* search.json */,
			);
			path = WiFiDetector;
			sourceTree = "<group>";
		};
		7AD8C7B82BD2707500B1A7D2 /* MainScreen */ = {
			isa = PBXGroup;
			children = (
				7AD8C7C02BD2974700B1A7D2 /* ActionCell.swift */,
				7AD8C7B92BD270E000B1A7D2 /* CurrentNetworkView.swift */,
				7A33D3D22BC9021300EE4A73 /* MainViewController.swift */,
				7AD8C7B12BD26A1F00B1A7D2 /* MainViewModel.swift */,
			);
			path = MainScreen;
			sourceTree = "<group>";
		};
		7AD8C7BD2BD27FA400B1A7D2 /* Extensions */ = {
			isa = PBXGroup;
			children = (
				7AD8C7BB2BD27F7500B1A7D2 /* Extension+UIView.swift */,
			);
			path = Extensions;
			sourceTree = "<group>";
		};
		7AD8C7C52BD2DDF700B1A7D2 /* SearchScreen */ = {
			isa = PBXGroup;
			children = (
				7AD8C7C62BD2DE2200B1A7D2 /* SearchViewController.swift */,
				7AD8C7C82BD2DE4700B1A7D2 /* SearchViewModel.swift */,
			);
			path = SearchScreen;
			sourceTree = "<group>";
		};
/* End PBXGroup section */

/* Begin PBXNativeTarget section */
		7A33D3CA2BC9021300EE4A73 /* WiFiDetector */ = {
			isa = PBXNativeTarget;
			buildConfigurationList = 7A33D3DF2BC9021500EE4A73 /* Build configuration list for PBXNativeTarget "WiFiDetector" */;
			buildPhases = (
				7A33D3C72BC9021300EE4A73 /* Sources */,
				7A33D3C82BC9021300EE4A73 /* Frameworks */,
				7A33D3C92BC9021300EE4A73 /* Resources */,
			);
			buildRules = (
			);
			dependencies = (
			);
			name = WiFiDetector;
			packageProductDependencies = (
				7AD8C7B42BD26CB000B1A7D2 /* SnapKit */,
				7AD8C7B62BD26CB000B1A7D2 /* SnapKit-Dynamic */,
				7AD8C7C32BD2DDE500B1A7D2 /* Lottie */,
			);
			productName = WiFiDetector;
			productReference = 7A33D3CB2BC9021300EE4A73 /* WiFiDetector.app */;
			productType = "com.apple.product-type.application";
		};
/* End PBXNativeTarget section */

/* Begin PBXProject section */
		7A33D3C32BC9021300EE4A73 /* Project object */ = {
			isa = PBXProject;
			attributes = {
				BuildIndependentTargetsInParallel = 1;
				LastSwiftUpdateCheck = 1430;
				LastUpgradeCheck = 1430;
				TargetAttributes = {
					7A33D3CA2BC9021300EE4A73 = {
						CreatedOnToolsVersion = 14.3.1;
					};
				};
			};
			buildConfigurationList = 7A33D3C62BC9021300EE4A73 /* Build configuration list for PBXProject "WiFiDetector" */;
			compatibilityVersion = "Xcode 14.0";
			developmentRegion = en;
			hasScannedForEncodings = 0;
			knownRegions = (
				en,
				Base,
			);
			mainGroup = 7A33D3C22BC9021300EE4A73;
			packageReferences = (
				7AD8C7B32BD26CB000B1A7D2 /* XCRemoteSwiftPackageReference "SnapKit" */,
				7AD8C7C22BD2DDE500B1A7D2 /* XCRemoteSwiftPackageReference "lottie-spm" */,
			);
			productRefGroup = 7A33D3CC2BC9021300EE4A73 /* Products */;
			projectDirPath = "";
			projectRoot = "";
			targets = (
				7A33D3CA2BC9021300EE4A73 /* WiFiDetector */,
			);
		};
/* End PBXProject section */

/* Begin PBXResourcesBuildPhase section */
		7A33D3C92BC9021300EE4A73 /* Resources */ = {
			isa = PBXResourcesBuildPhase;
			buildActionMask = 2147483647;
			files = (
				7AD8C7BF2BD2836E00B1A7D2 /* Colors.xcassets in Resources */,
				7AD8C7CB2BD3BDD400B1A7D2 /* search.json in Resources */,
				7A33D3DB2BC9021500EE4A73 /* LaunchScreen.storyboard in Resources */,
				7A33D3D82BC9021500EE4A73 /* Assets.xcassets in Resources */,
			);
			runOnlyForDeploymentPostprocessing = 0;
		};
/* End PBXResourcesBuildPhase section */

/* Begin PBXSourcesBuildPhase section */
		7A33D3C72BC9021300EE4A73 /* Sources */ = {
			isa = PBXSourcesBuildPhase;
			buildActionMask = 2147483647;
			files = (
				7A33D3D32BC9021300EE4A73 /* MainViewController.swift in Sources */,
				7A33D3CF2BC9021300EE4A73 /* AppDelegate.swift in Sources */,
				7AD8C7C72BD2DE2200B1A7D2 /* SearchViewController.swift in Sources */,
				7AD8C7BC2BD27F7500B1A7D2 /* Extension+UIView.swift in Sources */,
				7AD8C7BA2BD270E000B1A7D2 /* CurrentNetworkView.swift in Sources */,
				7AD8C7B22BD26A1F00B1A7D2 /* MainViewModel.swift in Sources */,
				7AD8C7C92BD2DE4700B1A7D2 /* SearchViewModel.swift in Sources */,
				7A33D3D12BC9021300EE4A73 /* SceneDelegate.swift in Sources */,
				7AD8C7C12BD2974700B1A7D2 /* ActionCell.swift in Sources */,
			);
			runOnlyForDeploymentPostprocessing = 0;
		};
/* End PBXSourcesBuildPhase section */

/* Begin PBXVariantGroup section */
		7A33D3D92BC9021500EE4A73 /* LaunchScreen.storyboard */ = {
			isa = PBXVariantGroup;
			children = (
				7A33D3DA2BC9021500EE4A73 /* Base */,
			);
			name = LaunchScreen.storyboard;
			sourceTree = "<group>";
		};
/* End PBXVariantGroup section */

/* Begin XCBuildConfiguration section */
		7A33D3DD2BC9021500EE4A73 /* Debug */ = {
			isa = XCBuildConfiguration;
			buildSettings = {
				ALWAYS_SEARCH_USER_PATHS = NO;
				CLANG_ANALYZER_NONNULL = YES;
				CLANG_ANALYZER_NUMBER_OBJECT_CONVERSION = YES_AGGRESSIVE;
				CLANG_CXX_LANGUAGE_STANDARD = "gnu++20";
				CLANG_ENABLE_MODULES = YES;
				CLANG_ENABLE_OBJC_ARC = YES;
				CLANG_ENABLE_OBJC_WEAK = YES;
				CLANG_WARN_BLOCK_CAPTURE_AUTORELEASING = YES;
				CLANG_WARN_BOOL_CONVERSION = YES;
				CLANG_WARN_COMMA = YES;
				CLANG_WARN_CONSTANT_CONVERSION = YES;
				CLANG_WARN_DEPRECATED_OBJC_IMPLEMENTATIONS = YES;
				CLANG_WARN_DIRECT_OBJC_ISA_USAGE = YES_ERROR;
				CLANG_WARN_DOCUMENTATION_COMMENTS = YES;
				CLANG_WARN_EMPTY_BODY = YES;
				CLANG_WARN_ENUM_CONVERSION = YES;
				CLANG_WARN_INFINITE_RECURSION = YES;
				CLANG_WARN_INT_CONVERSION = YES;
				CLANG_WARN_NON_LITERAL_NULL_CONVERSION = YES;
				CLANG_WARN_OBJC_IMPLICIT_RETAIN_SELF = YES;
				CLANG_WARN_OBJC_LITERAL_CONVERSION = YES;
				CLANG_WARN_OBJC_ROOT_CLASS = YES_ERROR;
				CLANG_WARN_QUOTED_INCLUDE_IN_FRAMEWORK_HEADER = YES;
				CLANG_WARN_RANGE_LOOP_ANALYSIS = YES;
				CLANG_WARN_STRICT_PROTOTYPES = YES;
				CLANG_WARN_SUSPICIOUS_MOVE = YES;
				CLANG_WARN_UNGUARDED_AVAILABILITY = YES_AGGRESSIVE;
				CLANG_WARN_UNREACHABLE_CODE = YES;
				CLANG_WARN__DUPLICATE_METHOD_MATCH = YES;
				COPY_PHASE_STRIP = NO;
				DEBUG_INFORMATION_FORMAT = dwarf;
				ENABLE_STRICT_OBJC_MSGSEND = YES;
				ENABLE_TESTABILITY = YES;
				GCC_C_LANGUAGE_STANDARD = gnu11;
				GCC_DYNAMIC_NO_PIC = NO;
				GCC_NO_COMMON_BLOCKS = YES;
				GCC_OPTIMIZATION_LEVEL = 0;
				GCC_PREPROCESSOR_DEFINITIONS = (
					"DEBUG=1",
					"$(inherited)",
				);
				GCC_WARN_64_TO_32_BIT_CONVERSION = YES;
				GCC_WARN_ABOUT_RETURN_TYPE = YES_ERROR;
				GCC_WARN_UNDECLARED_SELECTOR = YES;
				GCC_WARN_UNINITIALIZED_AUTOS = YES_AGGRESSIVE;
				GCC_WARN_UNUSED_FUNCTION = YES;
				GCC_WARN_UNUSED_VARIABLE = YES;
				IPHONEOS_DEPLOYMENT_TARGET = 16.4;
				MTL_ENABLE_DEBUG_INFO = INCLUDE_SOURCE;
				MTL_FAST_MATH = YES;
				ONLY_ACTIVE_ARCH = YES;
				SDKROOT = iphoneos;
				SWIFT_ACTIVE_COMPILATION_CONDITIONS = DEBUG;
				SWIFT_OPTIMIZATION_LEVEL = "-Onone";
			};
			name = Debug;
		};
		7A33D3DE2BC9021500EE4A73 /* Release */ = {
			isa = XCBuildConfiguration;
			buildSettings = {
				ALWAYS_SEARCH_USER_PATHS = NO;
				CLANG_ANALYZER_NONNULL = YES;
				CLANG_ANALYZER_NUMBER_OBJECT_CONVERSION = YES_AGGRESSIVE;
				CLANG_CXX_LANGUAGE_STANDARD = "gnu++20";
				CLANG_ENABLE_MODULES = YES;
				CLANG_ENABLE_OBJC_ARC = YES;
				CLANG_ENABLE_OBJC_WEAK = YES;
				CLANG_WARN_BLOCK_CAPTURE_AUTORELEASING = YES;
				CLANG_WARN_BOOL_CONVERSION = YES;
				CLANG_WARN_COMMA = YES;
				CLANG_WARN_CONSTANT_CONVERSION = YES;
				CLANG_WARN_DEPRECATED_OBJC_IMPLEMENTATIONS = YES;
				CLANG_WARN_DIRECT_OBJC_ISA_USAGE = YES_ERROR;
				CLANG_WARN_DOCUMENTATION_COMMENTS = YES;
				CLANG_WARN_EMPTY_BODY = YES;
				CLANG_WARN_ENUM_CONVERSION = YES;
				CLANG_WARN_INFINITE_RECURSION = YES;
				CLANG_WARN_INT_CONVERSION = YES;
				CLANG_WARN_NON_LITERAL_NULL_CONVERSION = YES;
				CLANG_WARN_OBJC_IMPLICIT_RETAIN_SELF = YES;
				CLANG_WARN_OBJC_LITERAL_CONVERSION = YES;
				CLANG_WARN_OBJC_ROOT_CLASS = YES_ERROR;
				CLANG_WARN_QUOTED_INCLUDE_IN_FRAMEWORK_HEADER = YES;
				CLANG_WARN_RANGE_LOOP_ANALYSIS = YES;
				CLANG_WARN_STRICT_PROTOTYPES = YES;
				CLANG_WARN_SUSPICIOUS_MOVE = YES;
				CLANG_WARN_UNGUARDED_AVAILABILITY = YES_AGGRESSIVE;
				CLANG_WARN_UNREACHABLE_CODE = YES;
				CLANG_WARN__DUPLICATE_METHOD_MATCH = YES;
				COPY_PHASE_STRIP = NO;
				DEBUG_INFORMATION_FORMAT = "dwarf-with-dsym";
				ENABLE_NS_ASSERTIONS = NO;
				ENABLE_STRICT_OBJC_MSGSEND = YES;
				GCC_C_LANGUAGE_STANDARD = gnu11;
				GCC_NO_COMMON_BLOCKS = YES;
				GCC_WARN_64_TO_32_BIT_CONVERSION = YES;
				GCC_WARN_ABOUT_RETURN_TYPE = YES_ERROR;
				GCC_WARN_UNDECLARED_SELECTOR = YES;
				GCC_WARN_UNINITIALIZED_AUTOS = YES_AGGRESSIVE;
				GCC_WARN_UNUSED_FUNCTION = YES;
				GCC_WARN_UNUSED_VARIABLE = YES;
				IPHONEOS_DEPLOYMENT_TARGET = 16.4;
				MTL_ENABLE_DEBUG_INFO = NO;
				MTL_FAST_MATH = YES;
				SDKROOT = iphoneos;
				SWIFT_COMPILATION_MODE = wholemodule;
				SWIFT_OPTIMIZATION_LEVEL = "-O";
				VALIDATE_PRODUCT = YES;
			};
			name = Release;
		};
		7A33D3E02BC9021500EE4A73 /* Debug */ = {
			isa = XCBuildConfiguration;
			buildSettings = {
				ASSETCATALOG_COMPILER_APPICON_NAME = AppIcon;
				ASSETCATALOG_COMPILER_GLOBAL_ACCENT_COLOR_NAME = AccentColor;
				CODE_SIGN_STYLE = Automatic;
				CURRENT_PROJECT_VERSION = 1;
				DEVELOPMENT_TEAM = MW98Y87C9R;
				GENERATE_INFOPLIST_FILE = YES;
				INFOPLIST_FILE = WiFiDetector/Info.plist;
				INFOPLIST_KEY_UIApplicationSupportsIndirectInputEvents = YES;
				INFOPLIST_KEY_UILaunchStoryboardName = LaunchScreen;
				INFOPLIST_KEY_UISupportedInterfaceOrientations_iPad = "UIInterfaceOrientationPortrait UIInterfaceOrientationPortraitUpsideDown UIInterfaceOrientationLandscapeLeft UIInterfaceOrientationLandscapeRight";
				INFOPLIST_KEY_UISupportedInterfaceOrientations_iPhone = "UIInterfaceOrientationPortrait UIInterfaceOrientationLandscapeLeft UIInterfaceOrientationLandscapeRight";
				LD_RUNPATH_SEARCH_PATHS = (
					"$(inherited)",
					"@executable_path/Frameworks",
				);
				MARKETING_VERSION = 1.0;
				PRODUCT_BUNDLE_IDENTIFIER = home.WiFiDetector;
				PRODUCT_NAME = "$(TARGET_NAME)";
				SWIFT_EMIT_LOC_STRINGS = YES;
				SWIFT_VERSION = 5.0;
				TARGETED_DEVICE_FAMILY = "1,2";
			};
			name = Debug;
		};
		7A33D3E12BC9021500EE4A73 /* Release */ = {
			isa = XCBuildConfiguration;
			buildSettings = {
				ASSETCATALOG_COMPILER_APPICON_NAME = AppIcon;
				ASSETCATALOG_COMPILER_GLOBAL_ACCENT_COLOR_NAME = AccentColor;
				CODE_SIGN_STYLE = Automatic;
				CURRENT_PROJECT_VERSION = 1;
				DEVELOPMENT_TEAM = MW98Y87C9R;
				GENERATE_INFOPLIST_FILE = YES;
				INFOPLIST_FILE = WiFiDetector/Info.plist;
				INFOPLIST_KEY_UIApplicationSupportsIndirectInputEvents = YES;
				INFOPLIST_KEY_UILaunchStoryboardName = LaunchScreen;
				INFOPLIST_KEY_UISupportedInterfaceOrientations_iPad = "UIInterfaceOrientationPortrait UIInterfaceOrientationPortraitUpsideDown UIInterfaceOrientationLandscapeLeft UIInterfaceOrientationLandscapeRight";
				INFOPLIST_KEY_UISupportedInterfaceOrientations_iPhone = "UIInterfaceOrientationPortrait UIInterfaceOrientationLandscapeLeft UIInterfaceOrientationLandscapeRight";
				LD_RUNPATH_SEARCH_PATHS = (
					"$(inherited)",
					"@executable_path/Frameworks",
				);
				MARKETING_VERSION = 1.0;
				PRODUCT_BUNDLE_IDENTIFIER = home.WiFiDetector;
				PRODUCT_NAME = "$(TARGET_NAME)";
				SWIFT_EMIT_LOC_STRINGS = YES;
				SWIFT_VERSION = 5.0;
				TARGETED_DEVICE_FAMILY = "1,2";
			};
			name = Release;
		};
/* End XCBuildConfiguration section */

/* Begin XCConfigurationList section */
		7A33D3C62BC9021300EE4A73 /* Build configuration list for PBXProject "WiFiDetector" */ = {
			isa = XCConfigurationList;
			buildConfigurations = (
				7A33D3DD2BC9021500EE4A73 /* Debug */,
				7A33D3DE2BC9021500EE4A73 /* Release */,
			);
			defaultConfigurationIsVisible = 0;
			defaultConfigurationName = Release;
		};
		7A33D3DF2BC9021500EE4A73 /* Build configuration list for PBXNativeTarget "WiFiDetector" */ = {
			isa = XCConfigurationList;
			buildConfigurations = (
				7A33D3E02BC9021500EE4A73 /* Debug */,
				7A33D3E12BC9021500EE4A73 /* Release */,
			);
			defaultConfigurationIsVisible = 0;
			defaultConfigurationName = Release;
		};
/* End XCConfigurationList section */

/* Begin XCRemoteSwiftPackageReference section */
		7AD8C7B32BD26CB000B1A7D2 /* XCRemoteSwiftPackageReference "SnapKit" */ = {
			isa = XCRemoteSwiftPackageReference;
			repositoryURL = "https://github.com/SnapKit/SnapKit.git";
			requirement = {
				kind = upToNextMajorVersion;
				minimumVersion = 5.7.1;
			};
		};
		7AD8C7C22BD2DDE500B1A7D2 /* XCRemoteSwiftPackageReference "lottie-spm" */ = {
			isa = XCRemoteSwiftPackageReference;
			repositoryURL = "https://github.com/airbnb/lottie-spm.git";
			requirement = {
				kind = upToNextMajorVersion;
				minimumVersion = 4.4.3;
			};
		};
/* End XCRemoteSwiftPackageReference section */

/* Begin XCSwiftPackageProductDependency section */
		7AD8C7B42BD26CB000B1A7D2 /* SnapKit */ = {
			isa = XCSwiftPackageProductDependency;
			package = 7AD8C7B32BD26CB000B1A7D2 /* XCRemoteSwiftPackageReference "SnapKit" */;
			productName = SnapKit;
		};
		7AD8C7B62BD26CB000B1A7D2 /* SnapKit-Dynamic */ = {
			isa = XCSwiftPackageProductDependency;
			package = 7AD8C7B32BD26CB000B1A7D2 /* XCRemoteSwiftPackageReference "SnapKit" */;
			productName = "SnapKit-Dynamic";
		};
		7AD8C7C32BD2DDE500B1A7D2 /* Lottie */ = {
			isa = XCSwiftPackageProductDependency;
			package = 7AD8C7C22BD2DDE500B1A7D2 /* XCRemoteSwiftPackageReference "lottie-spm" */;
			productName = Lottie;
		};
/* End XCSwiftPackageProductDependency section */
	};
	rootObject = 7A33D3C32BC9021300EE4A73 /* Project object */;
}
